// !$*UTF8*$!
{
	archiveVersion = 1;
	classes = {
	};
	objectVersion = 56;
	objects = {

/* Begin PBXBuildFile section */
		AC22841F2D723C1B008EFC84 /* MealPlanManager.swift in Sources */ = {isa = PBXBuildFile; fileRef = AC22841E2D723C1B008EFC84 /* MealPlanManager.swift */; };
		AC2284232D723C61008EFC84 /* MealPlanModels.swift in Sources */ = {isa = PBXBuildFile; fileRef = AC2284222D723C61008EFC84 /* MealPlanModels.swift */; };
		AC2284252D723CA3008EFC84 /* RecipeSelectionView.swift in Sources */ = {isa = PBXBuildFile; fileRef = AC2284242D723CA3008EFC84 /* RecipeSelectionView.swift */; };
		AC2284272D723CC6008EFC84 /* MealItemView.swift in Sources */ = {isa = PBXBuildFile; fileRef = AC2284262D723CC6008EFC84 /* MealItemView.swift */; };
		AC2284292D723CEA008EFC84 /* DayPlanView.swift in Sources */ = {isa = PBXBuildFile; fileRef = AC2284282D723CEA008EFC84 /* DayPlanView.swift */; };
		AC2E5A992D71EB1A002C8DDC /* CollectionRecipeDetailView.swift in Sources */ = {isa = PBXBuildFile; fileRef = AC2E5A982D71EB1A002C8DDC /* CollectionRecipeDetailView.swift */; };
		AC2E5A9B2D71EB7C002C8DDC /* EditCollectionView.swift in Sources */ = {isa = PBXBuildFile; fileRef = AC2E5A9A2D71EB7C002C8DDC /* EditCollectionView.swift */; };
		AC2E5A9D2D71EB99002C8DDC /* AddCollectionView.swift in Sources */ = {isa = PBXBuildFile; fileRef = AC2E5A9C2D71EB99002C8DDC /* AddCollectionView.swift */; };
		AC2E5A9F2D71EBB1002C8DDC /* EditRecipeView.swift in Sources */ = {isa = PBXBuildFile; fileRef = AC2E5A9E2D71EBB1002C8DDC /* EditRecipeView.swift */; };
		AC2E5AA12D71EBD4002C8DDC /* CreateRecipeView.swift in Sources */ = {isa = PBXBuildFile; fileRef = AC2E5AA02D71EBD4002C8DDC /* CreateRecipeView.swift */; };
		AC4FD6972CBAB4C30093A7DC /* PantryView.swift in Sources */ = {isa = PBXBuildFile; fileRef = AC4FD6962CBAB4C20093A7DC /* PantryView.swift */; };
		AC4FD6992CBAD33B0093A7DC /* MainView.swift in Sources */ = {isa = PBXBuildFile; fileRef = AC4FD6982CBAD33B0093A7DC /* MainView.swift */; };
		AC4FD69B2CBAD3D40093A7DC /* RecommenderView.swift in Sources */ = {isa = PBXBuildFile; fileRef = AC4FD69A2CBAD3D40093A7DC /* RecommenderView.swift */; };
		AC4FD69D2CBAD3E80093A7DC /* ProfileView.swift in Sources */ = {isa = PBXBuildFile; fileRef = AC4FD69C2CBAD3E80093A7DC /* ProfileView.swift */; };
		AC4FD69F2CBAD41C0093A7DC /* MyRecipeView.swift in Sources */ = {isa = PBXBuildFile; fileRef = AC4FD69E2CBAD41C0093A7DC /* MyRecipeView.swift */; };
		AC4FD6A12CBAD5830093A7DC /* BottomTabBar.swift in Sources */ = {isa = PBXBuildFile; fileRef = AC4FD6A02CBAD5830093A7DC /* BottomTabBar.swift */; };
		AC4FD6A32CBAD5AD0093A7DC /* TabBarButton.swift in Sources */ = {isa = PBXBuildFile; fileRef = AC4FD6A22CBAD5AD0093A7DC /* TabBarButton.swift */; };
		AC4FD6A72CBB9DA00093A7DC /* RecipeDetailView.swift in Sources */ = {isa = PBXBuildFile; fileRef = AC4FD6A62CBB9DA00093A7DC /* RecipeDetailView.swift */; };
		AC4FD6A92CBBA6D40093A7DC /* GroceryView.swift in Sources */ = {isa = PBXBuildFile; fileRef = AC4FD6A82CBBA6D40093A7DC /* GroceryView.swift */; };
		AC594CBB2D70943700B5CE63 /* DietFilterView.swift in Sources */ = {isa = PBXBuildFile; fileRef = AC594CBA2D70943700B5CE63 /* DietFilterView.swift */; };
		AC594CBD2D7099C800B5CE63 /* DietChipView.swift in Sources */ = {isa = PBXBuildFile; fileRef = AC594CBC2D7099C800B5CE63 /* DietChipView.swift */; };
		AC594CCB2D71603900B5CE63 /* CollectionsView.swift in Sources */ = {isa = PBXBuildFile; fileRef = AC594CCA2D71603900B5CE63 /* CollectionsView.swift */; };
		AC594CD12D7161F800B5CE63 /* ImportedRecipeModels.swift in Sources */ = {isa = PBXBuildFile; fileRef = AC594CD02D7161F800B5CE63 /* ImportedRecipeModels.swift */; };
		AC594CD32D71624000B5CE63 /* ImportedRecipePreviewView.swift in Sources */ = {isa = PBXBuildFile; fileRef = AC594CD22D71624000B5CE63 /* ImportedRecipePreviewView.swift */; };
		AC594CD52D71626700B5CE63 /* ImportToCollectionView.swift in Sources */ = {isa = PBXBuildFile; fileRef = AC594CD42D71626700B5CE63 /* ImportToCollectionView.swift */; };
		AC594CD72D7162B900B5CE63 /* ImportRecipeView.swift in Sources */ = {isa = PBXBuildFile; fileRef = AC594CD62D7162B900B5CE63 /* ImportRecipeView.swift */; };
		AC594CD92D7163F600B5CE63 /* AddToCollectionView.swift in Sources */ = {isa = PBXBuildFile; fileRef = AC594CD82D7163F600B5CE63 /* AddToCollectionView.swift */; };
		AC594CDB2D718B5500B5CE63 /* CollectionListView.swift in Sources */ = {isa = PBXBuildFile; fileRef = AC594CDA2D718B5500B5CE63 /* CollectionListView.swift */; };
		AC594CE12D718D2E00B5CE63 /* EditableRecipeIngredient.swift in Sources */ = {isa = PBXBuildFile; fileRef = AC594CE02D718D2E00B5CE63 /* EditableRecipeIngredient.swift */; };
		AC594CF02D71968700B5CE63 /* FirebaseManager.swift in Sources */ = {isa = PBXBuildFile; fileRef = AC594CEF2D71968700B5CE63 /* FirebaseManager.swift */; };
		AC594CF22D7196A400B5CE63 /* IngredientsManager.swift in Sources */ = {isa = PBXBuildFile; fileRef = AC594CF12D7196A400B5CE63 /* IngredientsManager.swift */; };
		AC594CF42D7196CE00B5CE63 /* GroceryManager.swift in Sources */ = {isa = PBXBuildFile; fileRef = AC594CF32D7196CE00B5CE63 /* GroceryManager.swift */; };
		AC594CF62D71972500B5CE63 /* RecipeAPIManager.swift in Sources */ = {isa = PBXBuildFile; fileRef = AC594CF52D71972500B5CE63 /* RecipeAPIManager.swift */; };
		AC594CF92D71974500B5CE63 /* CollectionsManager.swift in Sources */ = {isa = PBXBuildFile; fileRef = AC594CF82D71974500B5CE63 /* CollectionsManager.swift */; };
		AC594CFB2D71985C00B5CE63 /* RecipeImportManager.swift in Sources */ = {isa = PBXBuildFile; fileRef = AC594CFA2D71985C00B5CE63 /* RecipeImportManager.swift */; };
		AC594CFD2D719B4800B5CE63 /* CollectionDetailView.swift in Sources */ = {isa = PBXBuildFile; fileRef = AC594CFC2D719B4700B5CE63 /* CollectionDetailView.swift */; };
		AC6146692D71AA4700960A48 /* RecipeCollections.swift in Sources */ = {isa = PBXBuildFile; fileRef = AC6146682D71AA4700960A48 /* RecipeCollections.swift */; };
		AC7597762CB90C890047D091 /* CookAidApp.swift in Sources */ = {isa = PBXBuildFile; fileRef = AC7597752CB90C890047D091 /* CookAidApp.swift */; };
		AC7597782CB90C8A0047D091 /* ContentView.swift in Sources */ = {isa = PBXBuildFile; fileRef = AC7597772CB90C890047D091 /* ContentView.swift */; };
		AC75977A2CB90C8C0047D091 /* Assets.xcassets in Resources */ = {isa = PBXBuildFile; fileRef = AC7597792CB90C8C0047D091 /* Assets.xcassets */; };
		AC75977D2CB90C8C0047D091 /* Preview Assets.xcassets in Resources */ = {isa = PBXBuildFile; fileRef = AC75977C2CB90C8C0047D091 /* Preview Assets.xcassets */; };
		AC75978B2CB90E220047D091 /* HomeView.swift in Sources */ = {isa = PBXBuildFile; fileRef = AC75978A2CB90E220047D091 /* HomeView.swift */; };
		AC75978F2CB90E700047D091 /* NewRecipeView.swift in Sources */ = {isa = PBXBuildFile; fileRef = AC75978E2CB90E700047D091 /* NewRecipeView.swift */; };
		AC7597B62CB914B00047D091 /* LoginView.swift in Sources */ = {isa = PBXBuildFile; fileRef = AC7597B52CB914B00047D091 /* LoginView.swift */; };
		AC7597B82CB914C20047D091 /* SignUpView.swift in Sources */ = {isa = PBXBuildFile; fileRef = AC7597B72CB914C20047D091 /* SignUpView.swift */; };
		AC7597C52CB91D710047D091 /* logo.png in Resources */ = {isa = PBXBuildFile; fileRef = AC7597C42CB91D710047D091 /* logo.png */; };
		AC76CA1F2D017CCC001540AF /* Ingredient.swift in Sources */ = {isa = PBXBuildFile; fileRef = AC76CA1E2D017CCC001540AF /* Ingredient.swift */; };
		AC76CA212D017E6B001540AF /* AddIngredientView.swift in Sources */ = {isa = PBXBuildFile; fileRef = AC76CA202D017E6B001540AF /* AddIngredientView.swift */; };
		AC76CA272D02AD2A001540AF /* EditIngredientView.swift in Sources */ = {isa = PBXBuildFile; fileRef = AC76CA262D02AD2A001540AF /* EditIngredientView.swift */; };
		AC8AB1552D03D20D001A0FF4 /* AppDelegate.swift in Sources */ = {isa = PBXBuildFile; fileRef = AC8AB1542D03D20D001A0FF4 /* AppDelegate.swift */; };
		AC8AB1572D040A64001A0FF4 /* GroceryItem.swift in Sources */ = {isa = PBXBuildFile; fileRef = AC8AB1562D040A64001A0FF4 /* GroceryItem.swift */; };
		AC8AB15B2D040AD9001A0FF4 /* AddGroceryView.swift in Sources */ = {isa = PBXBuildFile; fileRef = AC8AB15A2D040AD9001A0FF4 /* AddGroceryView.swift */; };
		AC8AB15D2D041564001A0FF4 /* EditProfileView.swift in Sources */ = {isa = PBXBuildFile; fileRef = AC8AB15C2D041564001A0FF4 /* EditProfileView.swift */; };
		AC8AB1612D081878001A0FF4 /* Recipe.swift in Sources */ = {isa = PBXBuildFile; fileRef = AC8AB1602D081878001A0FF4 /* Recipe.swift */; };
		AC8AB1632D0823FB001A0FF4 /* RecipeIngredient.swift in Sources */ = {isa = PBXBuildFile; fileRef = AC8AB1622D0823FB001A0FF4 /* RecipeIngredient.swift */; };
		AC8AB1652D082418001A0FF4 /* RecipeDetail.swift in Sources */ = {isa = PBXBuildFile; fileRef = AC8AB1642D082418001A0FF4 /* RecipeDetail.swift */; };
		AC8AB1672D08283D001A0FF4 /* Measures.swift in Sources */ = {isa = PBXBuildFile; fileRef = AC8AB1662D08283D001A0FF4 /* Measures.swift */; };
		AC8E4B602CBC33D800A7475C /* GoogleService-Info.plist in Resources */ = {isa = PBXBuildFile; fileRef = AC8E4B5F2CBC33D700A7475C /* GoogleService-Info.plist */; };
		AC8E4B632CBC368B00A7475C /* FirebaseAnalytics in Frameworks */ = {isa = PBXBuildFile; productRef = AC8E4B622CBC368B00A7475C /* FirebaseAnalytics */; };
		AC8E4B652CBC368B00A7475C /* FirebaseAnalyticsOnDeviceConversion in Frameworks */ = {isa = PBXBuildFile; productRef = AC8E4B642CBC368B00A7475C /* FirebaseAnalyticsOnDeviceConversion */; };
		AC8E4B672CBC368B00A7475C /* FirebaseAnalyticsSwift in Frameworks */ = {isa = PBXBuildFile; productRef = AC8E4B662CBC368B00A7475C /* FirebaseAnalyticsSwift */; };
		AC8E4B692CBC368B00A7475C /* FirebaseAnalyticsWithoutAdIdSupport in Frameworks */ = {isa = PBXBuildFile; productRef = AC8E4B682CBC368B00A7475C /* FirebaseAnalyticsWithoutAdIdSupport */; };
		AC8E4B6B2CBC368B00A7475C /* FirebaseAppCheck in Frameworks */ = {isa = PBXBuildFile; productRef = AC8E4B6A2CBC368B00A7475C /* FirebaseAppCheck */; };
		AC8E4B6D2CBC368B00A7475C /* FirebaseAppDistribution-Beta in Frameworks */ = {isa = PBXBuildFile; productRef = AC8E4B6C2CBC368B00A7475C /* FirebaseAppDistribution-Beta */; };
		AC8E4B6F2CBC368B00A7475C /* FirebaseAuth in Frameworks */ = {isa = PBXBuildFile; productRef = AC8E4B6E2CBC368B00A7475C /* FirebaseAuth */; };
		AC8E4B712CBC368B00A7475C /* FirebaseAuthCombine-Community in Frameworks */ = {isa = PBXBuildFile; productRef = AC8E4B702CBC368B00A7475C /* FirebaseAuthCombine-Community */; };
		AC8E4B732CBC368B00A7475C /* FirebaseCrashlytics in Frameworks */ = {isa = PBXBuildFile; productRef = AC8E4B722CBC368B00A7475C /* FirebaseCrashlytics */; };
		AC8E4B752CBC368B00A7475C /* FirebaseDatabase in Frameworks */ = {isa = PBXBuildFile; productRef = AC8E4B742CBC368B00A7475C /* FirebaseDatabase */; };
		AC8E4B772CBC368B00A7475C /* FirebaseDatabaseSwift in Frameworks */ = {isa = PBXBuildFile; productRef = AC8E4B762CBC368B00A7475C /* FirebaseDatabaseSwift */; };
		AC8E4B792CBC368B00A7475C /* FirebaseDynamicLinks in Frameworks */ = {isa = PBXBuildFile; productRef = AC8E4B782CBC368B00A7475C /* FirebaseDynamicLinks */; };
		AC8E4B7B2CBC368B00A7475C /* FirebaseFirestore in Frameworks */ = {isa = PBXBuildFile; productRef = AC8E4B7A2CBC368B00A7475C /* FirebaseFirestore */; };
		AC8E4B7D2CBC368B00A7475C /* FirebaseFirestoreCombine-Community in Frameworks */ = {isa = PBXBuildFile; productRef = AC8E4B7C2CBC368B00A7475C /* FirebaseFirestoreCombine-Community */; };
		AC8E4B7F2CBC368B00A7475C /* FirebaseFirestoreSwift in Frameworks */ = {isa = PBXBuildFile; productRef = AC8E4B7E2CBC368B00A7475C /* FirebaseFirestoreSwift */; };
		AC8E4B812CBC368B00A7475C /* FirebaseFunctions in Frameworks */ = {isa = PBXBuildFile; productRef = AC8E4B802CBC368B00A7475C /* FirebaseFunctions */; };
		AC8E4B832CBC368B00A7475C /* FirebaseFunctionsCombine-Community in Frameworks */ = {isa = PBXBuildFile; productRef = AC8E4B822CBC368B00A7475C /* FirebaseFunctionsCombine-Community */; };
		AC8E4B852CBC368B00A7475C /* FirebaseInAppMessaging-Beta in Frameworks */ = {isa = PBXBuildFile; productRef = AC8E4B842CBC368B00A7475C /* FirebaseInAppMessaging-Beta */; };
		AC8E4B872CBC368B00A7475C /* FirebaseInAppMessagingSwift-Beta in Frameworks */ = {isa = PBXBuildFile; productRef = AC8E4B862CBC368B00A7475C /* FirebaseInAppMessagingSwift-Beta */; };
		AC8E4B892CBC368B00A7475C /* FirebaseInstallations in Frameworks */ = {isa = PBXBuildFile; productRef = AC8E4B882CBC368B00A7475C /* FirebaseInstallations */; };
		AC8E4B8B2CBC368C00A7475C /* FirebaseMessaging in Frameworks */ = {isa = PBXBuildFile; productRef = AC8E4B8A2CBC368C00A7475C /* FirebaseMessaging */; };
		AC8E4B8D2CBC368C00A7475C /* FirebasePerformance in Frameworks */ = {isa = PBXBuildFile; productRef = AC8E4B8C2CBC368C00A7475C /* FirebasePerformance */; };
		AC8E4B8F2CBC368C00A7475C /* FirebaseRemoteConfig in Frameworks */ = {isa = PBXBuildFile; productRef = AC8E4B8E2CBC368C00A7475C /* FirebaseRemoteConfig */; };
		AC8E4B912CBC368C00A7475C /* FirebaseRemoteConfigSwift in Frameworks */ = {isa = PBXBuildFile; productRef = AC8E4B902CBC368C00A7475C /* FirebaseRemoteConfigSwift */; };
		AC8E4B932CBC368C00A7475C /* FirebaseStorage in Frameworks */ = {isa = PBXBuildFile; productRef = AC8E4B922CBC368C00A7475C /* FirebaseStorage */; };
		AC8E4B952CBC368C00A7475C /* FirebaseStorageCombine-Community in Frameworks */ = {isa = PBXBuildFile; productRef = AC8E4B942CBC368C00A7475C /* FirebaseStorageCombine-Community */; };
		ACA759102D0A4B3200690CE7 /* RecipeCard.swift in Sources */ = {isa = PBXBuildFile; fileRef = ACA7590F2D0A4B3100690CE7 /* RecipeCard.swift */; };
		ACA759122D0A56DA00690CE7 /* ComplexSearchResponse.swift in Sources */ = {isa = PBXBuildFile; fileRef = ACA759112D0A56DA00690CE7 /* ComplexSearchResponse.swift */; };
		ACA759142D0A5E8C00690CE7 /* QuickRecipe.swift in Sources */ = {isa = PBXBuildFile; fileRef = ACA759132D0A5E8C00690CE7 /* QuickRecipe.swift */; };
		ACA759162D0A79D400690CE7 /* MealPlannerView.swift in Sources */ = {isa = PBXBuildFile; fileRef = ACA759152D0A79D400690CE7 /* MealPlannerView.swift */; };
		ACB3418B2CD05A800029FC2E /* InputView.swift in Sources */ = {isa = PBXBuildFile; fileRef = ACB3418A2CD05A800029FC2E /* InputView.swift */; };
		ACB3418D2CD09DA90029FC2E /* User.swift in Sources */ = {isa = PBXBuildFile; fileRef = ACB3418C2CD09DA90029FC2E /* User.swift */; };
		ACB3418F2CD0A4020029FC2E /* AuthViewModel.swift in Sources */ = {isa = PBXBuildFile; fileRef = ACB3418E2CD0A4020029FC2E /* AuthViewModel.swift */; };
/* End PBXBuildFile section */

/* Begin PBXFileReference section */
		AC22841E2D723C1B008EFC84 /* MealPlanManager.swift */ = {isa = PBXFileReference; lastKnownFileType = sourcecode.swift; path = MealPlanManager.swift; sourceTree = "<group>"; };
		AC2284222D723C61008EFC84 /* MealPlanModels.swift */ = {isa = PBXFileReference; lastKnownFileType = sourcecode.swift; path = MealPlanModels.swift; sourceTree = "<group>"; };
		AC2284242D723CA3008EFC84 /* RecipeSelectionView.swift */ = {isa = PBXFileReference; lastKnownFileType = sourcecode.swift; path = RecipeSelectionView.swift; sourceTree = "<group>"; };
		AC2284262D723CC6008EFC84 /* MealItemView.swift */ = {isa = PBXFileReference; lastKnownFileType = sourcecode.swift; path = MealItemView.swift; sourceTree = "<group>"; };
		AC2284282D723CEA008EFC84 /* DayPlanView.swift */ = {isa = PBXFileReference; lastKnownFileType = sourcecode.swift; path = DayPlanView.swift; sourceTree = "<group>"; };
		AC2E5A982D71EB1A002C8DDC /* CollectionRecipeDetailView.swift */ = {isa = PBXFileReference; lastKnownFileType = sourcecode.swift; path = CollectionRecipeDetailView.swift; sourceTree = "<group>"; };
		AC2E5A9A2D71EB7C002C8DDC /* EditCollectionView.swift */ = {isa = PBXFileReference; lastKnownFileType = sourcecode.swift; path = EditCollectionView.swift; sourceTree = "<group>"; };
		AC2E5A9C2D71EB99002C8DDC /* AddCollectionView.swift */ = {isa = PBXFileReference; lastKnownFileType = sourcecode.swift; path = AddCollectionView.swift; sourceTree = "<group>"; };
		AC2E5A9E2D71EBB1002C8DDC /* EditRecipeView.swift */ = {isa = PBXFileReference; lastKnownFileType = sourcecode.swift; path = EditRecipeView.swift; sourceTree = "<group>"; };
		AC2E5AA02D71EBD4002C8DDC /* CreateRecipeView.swift */ = {isa = PBXFileReference; lastKnownFileType = sourcecode.swift; path = CreateRecipeView.swift; sourceTree = "<group>"; };
		AC4FD6962CBAB4C20093A7DC /* PantryView.swift */ = {isa = PBXFileReference; lastKnownFileType = sourcecode.swift; path = PantryView.swift; sourceTree = "<group>"; };
		AC4FD6982CBAD33B0093A7DC /* MainView.swift */ = {isa = PBXFileReference; lastKnownFileType = sourcecode.swift; path = MainView.swift; sourceTree = "<group>"; };
		AC4FD69A2CBAD3D40093A7DC /* RecommenderView.swift */ = {isa = PBXFileReference; lastKnownFileType = sourcecode.swift; path = RecommenderView.swift; sourceTree = "<group>"; };
		AC4FD69C2CBAD3E80093A7DC /* ProfileView.swift */ = {isa = PBXFileReference; lastKnownFileType = sourcecode.swift; path = ProfileView.swift; sourceTree = "<group>"; };
		AC4FD69E2CBAD41C0093A7DC /* MyRecipeView.swift */ = {isa = PBXFileReference; lastKnownFileType = sourcecode.swift; path = MyRecipeView.swift; sourceTree = "<group>"; };
		AC4FD6A02CBAD5830093A7DC /* BottomTabBar.swift */ = {isa = PBXFileReference; lastKnownFileType = sourcecode.swift; path = BottomTabBar.swift; sourceTree = "<group>"; };
		AC4FD6A22CBAD5AD0093A7DC /* TabBarButton.swift */ = {isa = PBXFileReference; lastKnownFileType = sourcecode.swift; path = TabBarButton.swift; sourceTree = "<group>"; };
		AC4FD6A62CBB9DA00093A7DC /* RecipeDetailView.swift */ = {isa = PBXFileReference; lastKnownFileType = sourcecode.swift; path = RecipeDetailView.swift; sourceTree = "<group>"; };
		AC4FD6A82CBBA6D40093A7DC /* GroceryView.swift */ = {isa = PBXFileReference; lastKnownFileType = sourcecode.swift; path = GroceryView.swift; sourceTree = "<group>"; };
		AC594CBA2D70943700B5CE63 /* DietFilterView.swift */ = {isa = PBXFileReference; lastKnownFileType = sourcecode.swift; path = DietFilterView.swift; sourceTree = "<group>"; };
		AC594CBC2D7099C800B5CE63 /* DietChipView.swift */ = {isa = PBXFileReference; lastKnownFileType = sourcecode.swift; path = DietChipView.swift; sourceTree = "<group>"; };
		AC594CCA2D71603900B5CE63 /* CollectionsView.swift */ = {isa = PBXFileReference; lastKnownFileType = sourcecode.swift; path = CollectionsView.swift; sourceTree = "<group>"; };
		AC594CD02D7161F800B5CE63 /* ImportedRecipeModels.swift */ = {isa = PBXFileReference; lastKnownFileType = sourcecode.swift; path = ImportedRecipeModels.swift; sourceTree = "<group>"; };
		AC594CD22D71624000B5CE63 /* ImportedRecipePreviewView.swift */ = {isa = PBXFileReference; lastKnownFileType = sourcecode.swift; path = ImportedRecipePreviewView.swift; sourceTree = "<group>"; };
		AC594CD42D71626700B5CE63 /* ImportToCollectionView.swift */ = {isa = PBXFileReference; lastKnownFileType = sourcecode.swift; path = ImportToCollectionView.swift; sourceTree = "<group>"; };
		AC594CD62D7162B900B5CE63 /* ImportRecipeView.swift */ = {isa = PBXFileReference; lastKnownFileType = sourcecode.swift; path = ImportRecipeView.swift; sourceTree = "<group>"; };
		AC594CD82D7163F600B5CE63 /* AddToCollectionView.swift */ = {isa = PBXFileReference; lastKnownFileType = sourcecode.swift; path = AddToCollectionView.swift; sourceTree = "<group>"; };
		AC594CDA2D718B5500B5CE63 /* CollectionListView.swift */ = {isa = PBXFileReference; lastKnownFileType = sourcecode.swift; path = CollectionListView.swift; sourceTree = "<group>"; };
		AC594CE02D718D2E00B5CE63 /* EditableRecipeIngredient.swift */ = {isa = PBXFileReference; lastKnownFileType = sourcecode.swift; path = EditableRecipeIngredient.swift; sourceTree = "<group>"; };
		AC594CEF2D71968700B5CE63 /* FirebaseManager.swift */ = {isa = PBXFileReference; lastKnownFileType = sourcecode.swift; path = FirebaseManager.swift; sourceTree = "<group>"; };
		AC594CF12D7196A400B5CE63 /* IngredientsManager.swift */ = {isa = PBXFileReference; lastKnownFileType = sourcecode.swift; path = IngredientsManager.swift; sourceTree = "<group>"; };
		AC594CF32D7196CE00B5CE63 /* GroceryManager.swift */ = {isa = PBXFileReference; lastKnownFileType = sourcecode.swift; path = GroceryManager.swift; sourceTree = "<group>"; };
		AC594CF52D71972500B5CE63 /* RecipeAPIManager.swift */ = {isa = PBXFileReference; lastKnownFileType = sourcecode.swift; path = RecipeAPIManager.swift; sourceTree = "<group>"; };
		AC594CF82D71974500B5CE63 /* CollectionsManager.swift */ = {isa = PBXFileReference; lastKnownFileType = sourcecode.swift; path = CollectionsManager.swift; sourceTree = "<group>"; };
		AC594CFA2D71985C00B5CE63 /* RecipeImportManager.swift */ = {isa = PBXFileReference; lastKnownFileType = sourcecode.swift; path = RecipeImportManager.swift; sourceTree = "<group>"; };
		AC594CFC2D719B4700B5CE63 /* CollectionDetailView.swift */ = {isa = PBXFileReference; lastKnownFileType = sourcecode.swift; path = CollectionDetailView.swift; sourceTree = "<group>"; };
		AC6146682D71AA4700960A48 /* RecipeCollections.swift */ = {isa = PBXFileReference; lastKnownFileType = sourcecode.swift; path = RecipeCollections.swift; sourceTree = "<group>"; };
		AC7597722CB90C890047D091 /* CookAid.app */ = {isa = PBXFileReference; explicitFileType = wrapper.application; includeInIndex = 0; path = CookAid.app; sourceTree = BUILT_PRODUCTS_DIR; };
		AC7597752CB90C890047D091 /* CookAidApp.swift */ = {isa = PBXFileReference; lastKnownFileType = sourcecode.swift; path = CookAidApp.swift; sourceTree = "<group>"; };
		AC7597772CB90C890047D091 /* ContentView.swift */ = {isa = PBXFileReference; lastKnownFileType = sourcecode.swift; path = ContentView.swift; sourceTree = "<group>"; };
		AC7597792CB90C8C0047D091 /* Assets.xcassets */ = {isa = PBXFileReference; lastKnownFileType = folder.assetcatalog; path = Assets.xcassets; sourceTree = "<group>"; };
		AC75977C2CB90C8C0047D091 /* Preview Assets.xcassets */ = {isa = PBXFileReference; lastKnownFileType = folder.assetcatalog; path = "Preview Assets.xcassets"; sourceTree = "<group>"; };
		AC75978A2CB90E220047D091 /* HomeView.swift */ = {isa = PBXFileReference; lastKnownFileType = sourcecode.swift; path = HomeView.swift; sourceTree = "<group>"; };
		AC75978E2CB90E700047D091 /* NewRecipeView.swift */ = {isa = PBXFileReference; lastKnownFileType = sourcecode.swift; path = NewRecipeView.swift; sourceTree = "<group>"; };
		AC7597B52CB914B00047D091 /* LoginView.swift */ = {isa = PBXFileReference; lastKnownFileType = sourcecode.swift; path = LoginView.swift; sourceTree = "<group>"; };
		AC7597B72CB914C20047D091 /* SignUpView.swift */ = {isa = PBXFileReference; lastKnownFileType = sourcecode.swift; path = SignUpView.swift; sourceTree = "<group>"; };
		AC7597C42CB91D710047D091 /* logo.png */ = {isa = PBXFileReference; lastKnownFileType = image.png; path = logo.png; sourceTree = "<group>"; };
		AC76CA1E2D017CCC001540AF /* Ingredient.swift */ = {isa = PBXFileReference; lastKnownFileType = sourcecode.swift; path = Ingredient.swift; sourceTree = "<group>"; };
		AC76CA202D017E6B001540AF /* AddIngredientView.swift */ = {isa = PBXFileReference; lastKnownFileType = sourcecode.swift; path = AddIngredientView.swift; sourceTree = "<group>"; };
		AC76CA262D02AD2A001540AF /* EditIngredientView.swift */ = {isa = PBXFileReference; lastKnownFileType = sourcecode.swift; path = EditIngredientView.swift; sourceTree = "<group>"; };
		AC8AB1542D03D20D001A0FF4 /* AppDelegate.swift */ = {isa = PBXFileReference; lastKnownFileType = sourcecode.swift; path = AppDelegate.swift; sourceTree = "<group>"; };
		AC8AB1562D040A64001A0FF4 /* GroceryItem.swift */ = {isa = PBXFileReference; lastKnownFileType = sourcecode.swift; path = GroceryItem.swift; sourceTree = "<group>"; };
		AC8AB15A2D040AD9001A0FF4 /* AddGroceryView.swift */ = {isa = PBXFileReference; lastKnownFileType = sourcecode.swift; path = AddGroceryView.swift; sourceTree = "<group>"; };
		AC8AB15C2D041564001A0FF4 /* EditProfileView.swift */ = {isa = PBXFileReference; lastKnownFileType = sourcecode.swift; path = EditProfileView.swift; sourceTree = "<group>"; };
		AC8AB1602D081878001A0FF4 /* Recipe.swift */ = {isa = PBXFileReference; lastKnownFileType = sourcecode.swift; path = Recipe.swift; sourceTree = "<group>"; };
		AC8AB1622D0823FB001A0FF4 /* RecipeIngredient.swift */ = {isa = PBXFileReference; lastKnownFileType = sourcecode.swift; path = RecipeIngredient.swift; sourceTree = "<group>"; };
		AC8AB1642D082418001A0FF4 /* RecipeDetail.swift */ = {isa = PBXFileReference; lastKnownFileType = sourcecode.swift; path = RecipeDetail.swift; sourceTree = "<group>"; };
		AC8AB1662D08283D001A0FF4 /* Measures.swift */ = {isa = PBXFileReference; lastKnownFileType = sourcecode.swift; path = Measures.swift; sourceTree = "<group>"; };
		AC8E4B5F2CBC33D700A7475C /* GoogleService-Info.plist */ = {isa = PBXFileReference; fileEncoding = 4; lastKnownFileType = text.plist.xml; name = "GoogleService-Info.plist"; path = "../../../../Downloads/GoogleService-Info.plist"; sourceTree = "<group>"; };
		ACA7590F2D0A4B3100690CE7 /* RecipeCard.swift */ = {isa = PBXFileReference; lastKnownFileType = sourcecode.swift; path = RecipeCard.swift; sourceTree = "<group>"; };
		ACA759112D0A56DA00690CE7 /* ComplexSearchResponse.swift */ = {isa = PBXFileReference; lastKnownFileType = sourcecode.swift; path = ComplexSearchResponse.swift; sourceTree = "<group>"; };
		ACA759132D0A5E8C00690CE7 /* QuickRecipe.swift */ = {isa = PBXFileReference; lastKnownFileType = sourcecode.swift; path = QuickRecipe.swift; sourceTree = "<group>"; };
		ACA759152D0A79D400690CE7 /* MealPlannerView.swift */ = {isa = PBXFileReference; lastKnownFileType = sourcecode.swift; path = MealPlannerView.swift; sourceTree = "<group>"; };
		ACB3418A2CD05A800029FC2E /* InputView.swift */ = {isa = PBXFileReference; lastKnownFileType = sourcecode.swift; path = InputView.swift; sourceTree = "<group>"; };
		ACB3418C2CD09DA90029FC2E /* User.swift */ = {isa = PBXFileReference; lastKnownFileType = sourcecode.swift; path = User.swift; sourceTree = "<group>"; };
		ACB3418E2CD0A4020029FC2E /* AuthViewModel.swift */ = {isa = PBXFileReference; lastKnownFileType = sourcecode.swift; path = AuthViewModel.swift; sourceTree = "<group>"; };
/* End PBXFileReference section */

/* Begin PBXFrameworksBuildPhase section */
		AC75976F2CB90C890047D091 /* Frameworks */ = {
			isa = PBXFrameworksBuildPhase;
			buildActionMask = 2147483647;
			files = (
				AC8E4B8D2CBC368C00A7475C /* FirebasePerformance in Frameworks */,
				AC8E4B752CBC368B00A7475C /* FirebaseDatabase in Frameworks */,
				AC8E4B832CBC368B00A7475C /* FirebaseFunctionsCombine-Community in Frameworks */,
				AC8E4B932CBC368C00A7475C /* FirebaseStorage in Frameworks */,
				AC8E4B7B2CBC368B00A7475C /* FirebaseFirestore in Frameworks */,
				AC8E4B672CBC368B00A7475C /* FirebaseAnalyticsSwift in Frameworks */,
				AC8E4B632CBC368B00A7475C /* FirebaseAnalytics in Frameworks */,
				AC8E4B652CBC368B00A7475C /* FirebaseAnalyticsOnDeviceConversion in Frameworks */,
				AC8E4B7F2CBC368B00A7475C /* FirebaseFirestoreSwift in Frameworks */,
				AC8E4B6B2CBC368B00A7475C /* FirebaseAppCheck in Frameworks */,
				AC8E4B912CBC368C00A7475C /* FirebaseRemoteConfigSwift in Frameworks */,
				AC8E4B692CBC368B00A7475C /* FirebaseAnalyticsWithoutAdIdSupport in Frameworks */,
				AC8E4B8B2CBC368C00A7475C /* FirebaseMessaging in Frameworks */,
				AC8E4B6F2CBC368B00A7475C /* FirebaseAuth in Frameworks */,
				AC8E4B732CBC368B00A7475C /* FirebaseCrashlytics in Frameworks */,
				AC8E4B852CBC368B00A7475C /* FirebaseInAppMessaging-Beta in Frameworks */,
				AC8E4B952CBC368C00A7475C /* FirebaseStorageCombine-Community in Frameworks */,
				AC8E4B772CBC368B00A7475C /* FirebaseDatabaseSwift in Frameworks */,
				AC8E4B812CBC368B00A7475C /* FirebaseFunctions in Frameworks */,
				AC8E4B6D2CBC368B00A7475C /* FirebaseAppDistribution-Beta in Frameworks */,
				AC8E4B712CBC368B00A7475C /* FirebaseAuthCombine-Community in Frameworks */,
				AC8E4B8F2CBC368C00A7475C /* FirebaseRemoteConfig in Frameworks */,
				AC8E4B872CBC368B00A7475C /* FirebaseInAppMessagingSwift-Beta in Frameworks */,
				AC8E4B792CBC368B00A7475C /* FirebaseDynamicLinks in Frameworks */,
				AC8E4B7D2CBC368B00A7475C /* FirebaseFirestoreCombine-Community in Frameworks */,
				AC8E4B892CBC368B00A7475C /* FirebaseInstallations in Frameworks */,
			);
			runOnlyForDeploymentPostprocessing = 0;
		};
/* End PBXFrameworksBuildPhase section */

/* Begin PBXGroup section */
		AC594CEE2D71967500B5CE63 /* Services */ = {
			isa = PBXGroup;
			children = (
				AC594CEF2D71968700B5CE63 /* FirebaseManager.swift */,
				AC594CF12D7196A400B5CE63 /* IngredientsManager.swift */,
				AC594CF32D7196CE00B5CE63 /* GroceryManager.swift */,
				AC594CF52D71972500B5CE63 /* RecipeAPIManager.swift */,
				AC594CF82D71974500B5CE63 /* CollectionsManager.swift */,
				AC594CFA2D71985C00B5CE63 /* RecipeImportManager.swift */,
				AC22841E2D723C1B008EFC84 /* MealPlanManager.swift */,
			);
			path = Services;
			sourceTree = "<group>";
		};
		AC7597692CB90C890047D091 = {
			isa = PBXGroup;
			children = (
				AC7597742CB90C890047D091 /* CookAid */,
				AC7597732CB90C890047D091 /* Products */,
			);
			sourceTree = "<group>";
		};
		AC7597732CB90C890047D091 /* Products */ = {
			isa = PBXGroup;
			children = (
				AC7597722CB90C890047D091 /* CookAid.app */,
			);
			name = Products;
			sourceTree = "<group>";
		};
		AC7597742CB90C890047D091 /* CookAid */ = {
			isa = PBXGroup;
			children = (
				AC594CEE2D71967500B5CE63 /* Services */,
				AC8E4B5F2CBC33D700A7475C /* GoogleService-Info.plist */,
				AC7597BB2CB918410047D091 /* Assets */,
				AC7597872CB90DB40047D091 /* Models */,
				AC7597862CB90DA30047D091 /* ViewModels */,
				AC7597832CB90D4B0047D091 /* Views */,
				AC7597752CB90C890047D091 /* CookAidApp.swift */,
				AC75977B2CB90C8C0047D091 /* Preview Content */,
				AC7597792CB90C8C0047D091 /* Assets.xcassets */,
				AC7597C42CB91D710047D091 /* logo.png */,
				AC8AB1542D03D20D001A0FF4 /* AppDelegate.swift */,
			);
			path = CookAid;
			sourceTree = "<group>";
		};
		AC75977B2CB90C8C0047D091 /* Preview Content */ = {
			isa = PBXGroup;
			children = (
				AC75977C2CB90C8C0047D091 /* Preview Assets.xcassets */,
			);
			path = "Preview Content";
			sourceTree = "<group>";
		};
		AC7597832CB90D4B0047D091 /* Views */ = {
			isa = PBXGroup;
			children = (
				AC7597B42CB9146D0047D091 /* Authentication */,
				AC7597892CB90DC80047D091 /* Components */,
				AC7597882CB90DBF0047D091 /* Detail */,
				AC7597842CB90D5C0047D091 /* Main */,
			);
			path = Views;
			sourceTree = "<group>";
		};
		AC7597842CB90D5C0047D091 /* Main */ = {
			isa = PBXGroup;
			children = (
				AC7597772CB90C890047D091 /* ContentView.swift */,
				AC594CBC2D7099C800B5CE63 /* DietChipView.swift */,
				AC75978A2CB90E220047D091 /* HomeView.swift */,
				AC4FD6962CBAB4C20093A7DC /* PantryView.swift */,
				AC4FD6A82CBBA6D40093A7DC /* GroceryView.swift */,
				AC75978E2CB90E700047D091 /* NewRecipeView.swift */,
				AC4FD6982CBAD33B0093A7DC /* MainView.swift */,
				AC4FD69A2CBAD3D40093A7DC /* RecommenderView.swift */,
				AC4FD69C2CBAD3E80093A7DC /* ProfileView.swift */,
				AC4FD69E2CBAD41C0093A7DC /* MyRecipeView.swift */,
				AC4FD6A62CBB9DA00093A7DC /* RecipeDetailView.swift */,
				AC76CA202D017E6B001540AF /* AddIngredientView.swift */,
				AC76CA262D02AD2A001540AF /* EditIngredientView.swift */,
				AC8AB15A2D040AD9001A0FF4 /* AddGroceryView.swift */,
				AC8AB15C2D041564001A0FF4 /* EditProfileView.swift */,
				ACA759152D0A79D400690CE7 /* MealPlannerView.swift */,
				AC594CBA2D70943700B5CE63 /* DietFilterView.swift */,
				AC594CCA2D71603900B5CE63 /* CollectionsView.swift */,
				AC594CD22D71624000B5CE63 /* ImportedRecipePreviewView.swift */,
				AC594CD42D71626700B5CE63 /* ImportToCollectionView.swift */,
				AC594CD62D7162B900B5CE63 /* ImportRecipeView.swift */,
				AC594CD82D7163F600B5CE63 /* AddToCollectionView.swift */,
				AC594CDA2D718B5500B5CE63 /* CollectionListView.swift */,
				AC2E5A982D71EB1A002C8DDC /* CollectionRecipeDetailView.swift */,
				AC594CFC2D719B4700B5CE63 /* CollectionDetailView.swift */,
				AC2E5A9A2D71EB7C002C8DDC /* EditCollectionView.swift */,
				AC2E5A9C2D71EB99002C8DDC /* AddCollectionView.swift */,
				AC2E5A9E2D71EBB1002C8DDC /* EditRecipeView.swift */,
				AC2E5AA02D71EBD4002C8DDC /* CreateRecipeView.swift */,
				AC2284242D723CA3008EFC84 /* RecipeSelectionView.swift */,
				AC2284262D723CC6008EFC84 /* MealItemView.swift */,
				AC2284282D723CEA008EFC84 /* DayPlanView.swift */,
			);
			path = Main;
			sourceTree = "<group>";
		};
		AC7597862CB90DA30047D091 /* ViewModels */ = {
			isa = PBXGroup;
			children = (
				ACB3418E2CD0A4020029FC2E /* AuthViewModel.swift */,
			);
			path = ViewModels;
			sourceTree = "<group>";
		};
		AC7597872CB90DB40047D091 /* Models */ = {
			isa = PBXGroup;
			children = (
				ACB3418C2CD09DA90029FC2E /* User.swift */,
				AC76CA1E2D017CCC001540AF /* Ingredient.swift */,
				AC8AB1562D040A64001A0FF4 /* GroceryItem.swift */,
				AC8AB1602D081878001A0FF4 /* Recipe.swift */,
				AC8AB1622D0823FB001A0FF4 /* RecipeIngredient.swift */,
				AC8AB1642D082418001A0FF4 /* RecipeDetail.swift */,
				AC8AB1662D08283D001A0FF4 /* Measures.swift */,
				ACA759112D0A56DA00690CE7 /* ComplexSearchResponse.swift */,
				ACA759132D0A5E8C00690CE7 /* QuickRecipe.swift */,
				AC594CD02D7161F800B5CE63 /* ImportedRecipeModels.swift */,
				AC594CE02D718D2E00B5CE63 /* EditableRecipeIngredient.swift */,
				AC6146682D71AA4700960A48 /* RecipeCollections.swift */,
				AC2284222D723C61008EFC84 /* MealPlanModels.swift */,
			);
			path = Models;
			sourceTree = "<group>";
		};
		AC7597882CB90DBF0047D091 /* Detail */ = {
			isa = PBXGroup;
			children = (
			);
			path = Detail;
			sourceTree = "<group>";
		};
		AC7597892CB90DC80047D091 /* Components */ = {
			isa = PBXGroup;
			children = (
				AC4FD6A02CBAD5830093A7DC /* BottomTabBar.swift */,
				AC4FD6A22CBAD5AD0093A7DC /* TabBarButton.swift */,
				ACB3418A2CD05A800029FC2E /* InputView.swift */,
				ACA7590F2D0A4B3100690CE7 /* RecipeCard.swift */,
			);
			path = Components;
			sourceTree = "<group>";
		};
		AC7597B42CB9146D0047D091 /* Authentication */ = {
			isa = PBXGroup;
			children = (
				AC7597B52CB914B00047D091 /* LoginView.swift */,
				AC7597B72CB914C20047D091 /* SignUpView.swift */,
			);
			path = Authentication;
			sourceTree = "<group>";
		};
		AC7597BB2CB918410047D091 /* Assets */ = {
			isa = PBXGroup;
			children = (
			);
			path = Assets;
			sourceTree = "<group>";
		};
/* End PBXGroup section */

/* Begin PBXNativeTarget section */
		AC7597712CB90C890047D091 /* CookAid */ = {
			isa = PBXNativeTarget;
			buildConfigurationList = AC7597802CB90C8C0047D091 /* Build configuration list for PBXNativeTarget "CookAid" */;
			buildPhases = (
				AC75976E2CB90C890047D091 /* Sources */,
				AC75976F2CB90C890047D091 /* Frameworks */,
				AC7597702CB90C890047D091 /* Resources */,
			);
			buildRules = (
			);
			dependencies = (
			);
			name = CookAid;
			packageProductDependencies = (
				AC8E4B622CBC368B00A7475C /* FirebaseAnalytics */,
				AC8E4B642CBC368B00A7475C /* FirebaseAnalyticsOnDeviceConversion */,
				AC8E4B662CBC368B00A7475C /* FirebaseAnalyticsSwift */,
				AC8E4B682CBC368B00A7475C /* FirebaseAnalyticsWithoutAdIdSupport */,
				AC8E4B6A2CBC368B00A7475C /* FirebaseAppCheck */,
				AC8E4B6C2CBC368B00A7475C /* FirebaseAppDistribution-Beta */,
				AC8E4B6E2CBC368B00A7475C /* FirebaseAuth */,
				AC8E4B702CBC368B00A7475C /* FirebaseAuthCombine-Community */,
				AC8E4B722CBC368B00A7475C /* FirebaseCrashlytics */,
				AC8E4B742CBC368B00A7475C /* FirebaseDatabase */,
				AC8E4B762CBC368B00A7475C /* FirebaseDatabaseSwift */,
				AC8E4B782CBC368B00A7475C /* FirebaseDynamicLinks */,
				AC8E4B7A2CBC368B00A7475C /* FirebaseFirestore */,
				AC8E4B7C2CBC368B00A7475C /* FirebaseFirestoreCombine-Community */,
				AC8E4B7E2CBC368B00A7475C /* FirebaseFirestoreSwift */,
				AC8E4B802CBC368B00A7475C /* FirebaseFunctions */,
				AC8E4B822CBC368B00A7475C /* FirebaseFunctionsCombine-Community */,
				AC8E4B842CBC368B00A7475C /* FirebaseInAppMessaging-Beta */,
				AC8E4B862CBC368B00A7475C /* FirebaseInAppMessagingSwift-Beta */,
				AC8E4B882CBC368B00A7475C /* FirebaseInstallations */,
				AC8E4B8A2CBC368C00A7475C /* FirebaseMessaging */,
				AC8E4B8C2CBC368C00A7475C /* FirebasePerformance */,
				AC8E4B8E2CBC368C00A7475C /* FirebaseRemoteConfig */,
				AC8E4B902CBC368C00A7475C /* FirebaseRemoteConfigSwift */,
				AC8E4B922CBC368C00A7475C /* FirebaseStorage */,
				AC8E4B942CBC368C00A7475C /* FirebaseStorageCombine-Community */,
			);
			productName = CookAid;
			productReference = AC7597722CB90C890047D091 /* CookAid.app */;
			productType = "com.apple.product-type.application";
		};
/* End PBXNativeTarget section */

/* Begin PBXProject section */
		AC75976A2CB90C890047D091 /* Project object */ = {
			isa = PBXProject;
			attributes = {
				BuildIndependentTargetsInParallel = 1;
				LastSwiftUpdateCheck = 1420;
				LastUpgradeCheck = 1420;
				TargetAttributes = {
					AC7597712CB90C890047D091 = {
						CreatedOnToolsVersion = 14.2;
					};
				};
			};
			buildConfigurationList = AC75976D2CB90C890047D091 /* Build configuration list for PBXProject "CookAid" */;
			compatibilityVersion = "Xcode 14.0";
			developmentRegion = en;
			hasScannedForEncodings = 0;
			knownRegions = (
				en,
				Base,
			);
			mainGroup = AC7597692CB90C890047D091;
			packageReferences = (
				AC8E4B612CBC368B00A7475C /* XCRemoteSwiftPackageReference "firebase-ios-sdk" */,
			);
			productRefGroup = AC7597732CB90C890047D091 /* Products */;
			projectDirPath = "";
			projectRoot = "";
			targets = (
				AC7597712CB90C890047D091 /* CookAid */,
			);
		};
/* End PBXProject section */

/* Begin PBXResourcesBuildPhase section */
		AC7597702CB90C890047D091 /* Resources */ = {
			isa = PBXResourcesBuildPhase;
			buildActionMask = 2147483647;
			files = (
				AC7597C52CB91D710047D091 /* logo.png in Resources */,
				AC8E4B602CBC33D800A7475C /* GoogleService-Info.plist in Resources */,
				AC75977D2CB90C8C0047D091 /* Preview Assets.xcassets in Resources */,
				AC75977A2CB90C8C0047D091 /* Assets.xcassets in Resources */,
			);
			runOnlyForDeploymentPostprocessing = 0;
		};
/* End PBXResourcesBuildPhase section */

/* Begin PBXSourcesBuildPhase section */
		AC75976E2CB90C890047D091 /* Sources */ = {
			isa = PBXSourcesBuildPhase;
			buildActionMask = 2147483647;
			files = (
				AC594CD52D71626700B5CE63 /* ImportToCollectionView.swift in Sources */,
				ACB3418F2CD0A4020029FC2E /* AuthViewModel.swift in Sources */,
				AC75978F2CB90E700047D091 /* NewRecipeView.swift in Sources */,
				AC594CBD2D7099C800B5CE63 /* DietChipView.swift in Sources */,
				AC8AB1572D040A64001A0FF4 /* GroceryItem.swift in Sources */,
				AC2284292D723CEA008EFC84 /* DayPlanView.swift in Sources */,
				AC76CA1F2D017CCC001540AF /* Ingredient.swift in Sources */,
				AC594CBB2D70943700B5CE63 /* DietFilterView.swift in Sources */,
				AC594CD92D7163F600B5CE63 /* AddToCollectionView.swift in Sources */,
				AC76CA212D017E6B001540AF /* AddIngredientView.swift in Sources */,
				AC75978B2CB90E220047D091 /* HomeView.swift in Sources */,
				AC2284252D723CA3008EFC84 /* RecipeSelectionView.swift in Sources */,
				AC2E5A9D2D71EB99002C8DDC /* AddCollectionView.swift in Sources */,
				AC2E5A9B2D71EB7C002C8DDC /* EditCollectionView.swift in Sources */,
				AC594CCB2D71603900B5CE63 /* CollectionsView.swift in Sources */,
				AC2284232D723C61008EFC84 /* MealPlanModels.swift in Sources */,
				AC22841F2D723C1B008EFC84 /* MealPlanManager.swift in Sources */,
				AC4FD6A12CBAD5830093A7DC /* BottomTabBar.swift in Sources */,
				AC594CF02D71968700B5CE63 /* FirebaseManager.swift in Sources */,
				AC7597782CB90C8A0047D091 /* ContentView.swift in Sources */,
				ACA759162D0A79D400690CE7 /* MealPlannerView.swift in Sources */,
				AC4FD6972CBAB4C30093A7DC /* PantryView.swift in Sources */,
				AC4FD6992CBAD33B0093A7DC /* MainView.swift in Sources */,
				AC4FD6A72CBB9DA00093A7DC /* RecipeDetailView.swift in Sources */,
				AC7597B62CB914B00047D091 /* LoginView.swift in Sources */,
				AC7597B82CB914C20047D091 /* SignUpView.swift in Sources */,
				AC8AB15D2D041564001A0FF4 /* EditProfileView.swift in Sources */,
				AC8AB1552D03D20D001A0FF4 /* AppDelegate.swift in Sources */,
				AC2E5A992D71EB1A002C8DDC /* CollectionRecipeDetailView.swift in Sources */,
				AC76CA272D02AD2A001540AF /* EditIngredientView.swift in Sources */,
				ACA759102D0A4B3200690CE7 /* RecipeCard.swift in Sources */,
				AC594CD32D71624000B5CE63 /* ImportedRecipePreviewView.swift in Sources */,
				ACA759122D0A56DA00690CE7 /* ComplexSearchResponse.swift in Sources */,
				AC8AB1672D08283D001A0FF4 /* Measures.swift in Sources */,
				AC4FD69B2CBAD3D40093A7DC /* RecommenderView.swift in Sources */,
				AC594CDB2D718B5500B5CE63 /* CollectionListView.swift in Sources */,
				AC2E5AA12D71EBD4002C8DDC /* CreateRecipeView.swift in Sources */,
				AC6146692D71AA4700960A48 /* RecipeCollections.swift in Sources */,
				AC8AB1632D0823FB001A0FF4 /* RecipeIngredient.swift in Sources */,
				AC594CF62D71972500B5CE63 /* RecipeAPIManager.swift in Sources */,
				AC4FD69D2CBAD3E80093A7DC /* ProfileView.swift in Sources */,
				AC4FD6A32CBAD5AD0093A7DC /* TabBarButton.swift in Sources */,
				AC594CF22D7196A400B5CE63 /* IngredientsManager.swift in Sources */,
				AC2284272D723CC6008EFC84 /* MealItemView.swift in Sources */,
				AC2E5A9F2D71EBB1002C8DDC /* EditRecipeView.swift in Sources */,
				AC594CD72D7162B900B5CE63 /* ImportRecipeView.swift in Sources */,
				AC4FD69F2CBAD41C0093A7DC /* MyRecipeView.swift in Sources */,
				AC594CD12D7161F800B5CE63 /* ImportedRecipeModels.swift in Sources */,
				AC8AB1652D082418001A0FF4 /* RecipeDetail.swift in Sources */,
				AC594CFB2D71985C00B5CE63 /* RecipeImportManager.swift in Sources */,
				AC4FD6A92CBBA6D40093A7DC /* GroceryView.swift in Sources */,
				ACA759142D0A5E8C00690CE7 /* QuickRecipe.swift in Sources */,
				ACB3418B2CD05A800029FC2E /* InputView.swift in Sources */,
				AC594CF92D71974500B5CE63 /* CollectionsManager.swift in Sources */,
				AC594CE12D718D2E00B5CE63 /* EditableRecipeIngredient.swift in Sources */,
				AC7597762CB90C890047D091 /* CookAidApp.swift in Sources */,
				AC8AB15B2D040AD9001A0FF4 /* AddGroceryView.swift in Sources */,
				AC594CF42D7196CE00B5CE63 /* GroceryManager.swift in Sources */,
				AC594CFD2D719B4800B5CE63 /* CollectionDetailView.swift in Sources */,
				AC8AB1612D081878001A0FF4 /* Recipe.swift in Sources */,
				ACB3418D2CD09DA90029FC2E /* User.swift in Sources */,
			);
			runOnlyForDeploymentPostprocessing = 0;
		};
/* End PBXSourcesBuildPhase section */

/* Begin XCBuildConfiguration section */
		AC75977E2CB90C8C0047D091 /* Debug */ = {
			isa = XCBuildConfiguration;
			buildSettings = {
				ALWAYS_SEARCH_USER_PATHS = NO;
				CLANG_ANALYZER_NONNULL = YES;
				CLANG_ANALYZER_NUMBER_OBJECT_CONVERSION = YES_AGGRESSIVE;
				CLANG_CXX_LANGUAGE_STANDARD = "gnu++20";
				CLANG_ENABLE_MODULES = YES;
				CLANG_ENABLE_OBJC_ARC = YES;
				CLANG_ENABLE_OBJC_WEAK = YES;
				CLANG_WARN_BLOCK_CAPTURE_AUTORELEASING = YES;
				CLANG_WARN_BOOL_CONVERSION = YES;
				CLANG_WARN_COMMA = YES;
				CLANG_WARN_CONSTANT_CONVERSION = YES;
				CLANG_WARN_DEPRECATED_OBJC_IMPLEMENTATIONS = YES;
				CLANG_WARN_DIRECT_OBJC_ISA_USAGE = YES_ERROR;
				CLANG_WARN_DOCUMENTATION_COMMENTS = YES;
				CLANG_WARN_EMPTY_BODY = YES;
				CLANG_WARN_ENUM_CONVERSION = YES;
				CLANG_WARN_INFINITE_RECURSION = YES;
				CLANG_WARN_INT_CONVERSION = YES;
				CLANG_WARN_NON_LITERAL_NULL_CONVERSION = YES;
				CLANG_WARN_OBJC_IMPLICIT_RETAIN_SELF = YES;
				CLANG_WARN_OBJC_LITERAL_CONVERSION = YES;
				CLANG_WARN_OBJC_ROOT_CLASS = YES_ERROR;
				CLANG_WARN_QUOTED_INCLUDE_IN_FRAMEWORK_HEADER = YES;
				CLANG_WARN_RANGE_LOOP_ANALYSIS = YES;
				CLANG_WARN_STRICT_PROTOTYPES = YES;
				CLANG_WARN_SUSPICIOUS_MOVE = YES;
				CLANG_WARN_UNGUARDED_AVAILABILITY = YES_AGGRESSIVE;
				CLANG_WARN_UNREACHABLE_CODE = YES;
				CLANG_WARN__DUPLICATE_METHOD_MATCH = YES;
				COPY_PHASE_STRIP = NO;
				DEBUG_INFORMATION_FORMAT = dwarf;
				ENABLE_STRICT_OBJC_MSGSEND = YES;
				ENABLE_TESTABILITY = YES;
				GCC_C_LANGUAGE_STANDARD = gnu11;
				GCC_DYNAMIC_NO_PIC = NO;
				GCC_NO_COMMON_BLOCKS = YES;
				GCC_OPTIMIZATION_LEVEL = 0;
				GCC_PREPROCESSOR_DEFINITIONS = (
					"DEBUG=1",
					"$(inherited)",
				);
				GCC_WARN_64_TO_32_BIT_CONVERSION = YES;
				GCC_WARN_ABOUT_RETURN_TYPE = YES_ERROR;
				GCC_WARN_UNDECLARED_SELECTOR = YES;
				GCC_WARN_UNINITIALIZED_AUTOS = YES_AGGRESSIVE;
				GCC_WARN_UNUSED_FUNCTION = YES;
				GCC_WARN_UNUSED_VARIABLE = YES;
				IPHONEOS_DEPLOYMENT_TARGET = 16.2;
				MTL_ENABLE_DEBUG_INFO = INCLUDE_SOURCE;
				MTL_FAST_MATH = YES;
				ONLY_ACTIVE_ARCH = YES;
				SDKROOT = iphoneos;
				SWIFT_ACTIVE_COMPILATION_CONDITIONS = DEBUG;
				SWIFT_OPTIMIZATION_LEVEL = "-Onone";
			};
			name = Debug;
		};
		AC75977F2CB90C8C0047D091 /* Release */ = {
			isa = XCBuildConfiguration;
			buildSettings = {
				ALWAYS_SEARCH_USER_PATHS = NO;
				CLANG_ANALYZER_NONNULL = YES;
				CLANG_ANALYZER_NUMBER_OBJECT_CONVERSION = YES_AGGRESSIVE;
				CLANG_CXX_LANGUAGE_STANDARD = "gnu++20";
				CLANG_ENABLE_MODULES = YES;
				CLANG_ENABLE_OBJC_ARC = YES;
				CLANG_ENABLE_OBJC_WEAK = YES;
				CLANG_WARN_BLOCK_CAPTURE_AUTORELEASING = YES;
				CLANG_WARN_BOOL_CONVERSION = YES;
				CLANG_WARN_COMMA = YES;
				CLANG_WARN_CONSTANT_CONVERSION = YES;
				CLANG_WARN_DEPRECATED_OBJC_IMPLEMENTATIONS = YES;
				CLANG_WARN_DIRECT_OBJC_ISA_USAGE = YES_ERROR;
				CLANG_WARN_DOCUMENTATION_COMMENTS = YES;
				CLANG_WARN_EMPTY_BODY = YES;
				CLANG_WARN_ENUM_CONVERSION = YES;
				CLANG_WARN_INFINITE_RECURSION = YES;
				CLANG_WARN_INT_CONVERSION = YES;
				CLANG_WARN_NON_LITERAL_NULL_CONVERSION = YES;
				CLANG_WARN_OBJC_IMPLICIT_RETAIN_SELF = YES;
				CLANG_WARN_OBJC_LITERAL_CONVERSION = YES;
				CLANG_WARN_OBJC_ROOT_CLASS = YES_ERROR;
				CLANG_WARN_QUOTED_INCLUDE_IN_FRAMEWORK_HEADER = YES;
				CLANG_WARN_RANGE_LOOP_ANALYSIS = YES;
				CLANG_WARN_STRICT_PROTOTYPES = YES;
				CLANG_WARN_SUSPICIOUS_MOVE = YES;
				CLANG_WARN_UNGUARDED_AVAILABILITY = YES_AGGRESSIVE;
				CLANG_WARN_UNREACHABLE_CODE = YES;
				CLANG_WARN__DUPLICATE_METHOD_MATCH = YES;
				COPY_PHASE_STRIP = NO;
				DEBUG_INFORMATION_FORMAT = "dwarf-with-dsym";
				ENABLE_NS_ASSERTIONS = NO;
				ENABLE_STRICT_OBJC_MSGSEND = YES;
				GCC_C_LANGUAGE_STANDARD = gnu11;
				GCC_NO_COMMON_BLOCKS = YES;
				GCC_WARN_64_TO_32_BIT_CONVERSION = YES;
				GCC_WARN_ABOUT_RETURN_TYPE = YES_ERROR;
				GCC_WARN_UNDECLARED_SELECTOR = YES;
				GCC_WARN_UNINITIALIZED_AUTOS = YES_AGGRESSIVE;
				GCC_WARN_UNUSED_FUNCTION = YES;
				GCC_WARN_UNUSED_VARIABLE = YES;
				IPHONEOS_DEPLOYMENT_TARGET = 16.2;
				MTL_ENABLE_DEBUG_INFO = NO;
				MTL_FAST_MATH = YES;
				SDKROOT = iphoneos;
				SWIFT_COMPILATION_MODE = wholemodule;
				SWIFT_OPTIMIZATION_LEVEL = "-O";
				VALIDATE_PRODUCT = YES;
			};
			name = Release;
		};
		AC7597812CB90C8C0047D091 /* Debug */ = {
			isa = XCBuildConfiguration;
			buildSettings = {
				ASSETCATALOG_COMPILER_APPICON_NAME = AppIcon;
				ASSETCATALOG_COMPILER_GLOBAL_ACCENT_COLOR_NAME = AccentColor;
				CODE_SIGN_STYLE = Automatic;
				CURRENT_PROJECT_VERSION = 1;
				DEVELOPMENT_ASSET_PATHS = "\"CookAid/Preview Content\"";
				ENABLE_PREVIEWS = YES;
				GENERATE_INFOPLIST_FILE = YES;
				INFOPLIST_KEY_UIApplicationSceneManifest_Generation = YES;
				INFOPLIST_KEY_UIApplicationSupportsIndirectInputEvents = YES;
				INFOPLIST_KEY_UILaunchScreen_Generation = YES;
				INFOPLIST_KEY_UISupportedInterfaceOrientations_iPad = "UIInterfaceOrientationPortrait UIInterfaceOrientationPortraitUpsideDown UIInterfaceOrientationLandscapeLeft UIInterfaceOrientationLandscapeRight";
				INFOPLIST_KEY_UISupportedInterfaceOrientations_iPhone = "UIInterfaceOrientationPortrait UIInterfaceOrientationLandscapeLeft UIInterfaceOrientationLandscapeRight";
				LD_RUNPATH_SEARCH_PATHS = (
					"$(inherited)",
					"@executable_path/Frameworks",
				);
				MARKETING_VERSION = 1.0;
				PRODUCT_BUNDLE_IDENTIFIER = capstone.CookAid;
				PRODUCT_NAME = "$(TARGET_NAME)";
				SWIFT_EMIT_LOC_STRINGS = YES;
				SWIFT_VERSION = 5.0;
				TARGETED_DEVICE_FAMILY = "1,2";
			};
			name = Debug;
		};
		AC7597822CB90C8C0047D091 /* Release */ = {
			isa = XCBuildConfiguration;
			buildSettings = {
				ASSETCATALOG_COMPILER_APPICON_NAME = AppIcon;
				ASSETCATALOG_COMPILER_GLOBAL_ACCENT_COLOR_NAME = AccentColor;
				CODE_SIGN_STYLE = Automatic;
				CURRENT_PROJECT_VERSION = 1;
				DEVELOPMENT_ASSET_PATHS = "\"CookAid/Preview Content\"";
				ENABLE_PREVIEWS = YES;
				GENERATE_INFOPLIST_FILE = YES;
				INFOPLIST_KEY_UIApplicationSceneManifest_Generation = YES;
				INFOPLIST_KEY_UIApplicationSupportsIndirectInputEvents = YES;
				INFOPLIST_KEY_UILaunchScreen_Generation = YES;
				INFOPLIST_KEY_UISupportedInterfaceOrientations_iPad = "UIInterfaceOrientationPortrait UIInterfaceOrientationPortraitUpsideDown UIInterfaceOrientationLandscapeLeft UIInterfaceOrientationLandscapeRight";
				INFOPLIST_KEY_UISupportedInterfaceOrientations_iPhone = "UIInterfaceOrientationPortrait UIInterfaceOrientationLandscapeLeft UIInterfaceOrientationLandscapeRight";
				LD_RUNPATH_SEARCH_PATHS = (
					"$(inherited)",
					"@executable_path/Frameworks",
				);
				MARKETING_VERSION = 1.0;
				PRODUCT_BUNDLE_IDENTIFIER = capstone.CookAid;
				PRODUCT_NAME = "$(TARGET_NAME)";
				SWIFT_EMIT_LOC_STRINGS = YES;
				SWIFT_VERSION = 5.0;
				TARGETED_DEVICE_FAMILY = "1,2";
			};
			name = Release;
		};
/* End XCBuildConfiguration section */

/* Begin XCConfigurationList section */
		AC75976D2CB90C890047D091 /* Build configuration list for PBXProject "CookAid" */ = {
			isa = XCConfigurationList;
			buildConfigurations = (
				AC75977E2CB90C8C0047D091 /* Debug */,
				AC75977F2CB90C8C0047D091 /* Release */,
			);
			defaultConfigurationIsVisible = 0;
			defaultConfigurationName = Release;
		};
		AC7597802CB90C8C0047D091 /* Build configuration list for PBXNativeTarget "CookAid" */ = {
			isa = XCConfigurationList;
			buildConfigurations = (
				AC7597812CB90C8C0047D091 /* Debug */,
				AC7597822CB90C8C0047D091 /* Release */,
			);
			defaultConfigurationIsVisible = 0;
			defaultConfigurationName = Release;
		};
/* End XCConfigurationList section */

/* Begin XCRemoteSwiftPackageReference section */
		AC8E4B612CBC368B00A7475C /* XCRemoteSwiftPackageReference "firebase-ios-sdk" */ = {
			isa = XCRemoteSwiftPackageReference;
			repositoryURL = "https://github.com/firebase/firebase-ios-sdk";
			requirement = {
				kind = upToNextMajorVersion;
				minimumVersion = 9.0.0;
			};
		};
/* End XCRemoteSwiftPackageReference section */

/* Begin XCSwiftPackageProductDependency section */
		AC8E4B622CBC368B00A7475C /* FirebaseAnalytics */ = {
			isa = XCSwiftPackageProductDependency;
			package = AC8E4B612CBC368B00A7475C /* XCRemoteSwiftPackageReference "firebase-ios-sdk" */;
			productName = FirebaseAnalytics;
		};
		AC8E4B642CBC368B00A7475C /* FirebaseAnalyticsOnDeviceConversion */ = {
			isa = XCSwiftPackageProductDependency;
			package = AC8E4B612CBC368B00A7475C /* XCRemoteSwiftPackageReference "firebase-ios-sdk" */;
			productName = FirebaseAnalyticsOnDeviceConversion;
		};
		AC8E4B662CBC368B00A7475C /* FirebaseAnalyticsSwift */ = {
			isa = XCSwiftPackageProductDependency;
			package = AC8E4B612CBC368B00A7475C /* XCRemoteSwiftPackageReference "firebase-ios-sdk" */;
			productName = FirebaseAnalyticsSwift;
		};
		AC8E4B682CBC368B00A7475C /* FirebaseAnalyticsWithoutAdIdSupport */ = {
			isa = XCSwiftPackageProductDependency;
			package = AC8E4B612CBC368B00A7475C /* XCRemoteSwiftPackageReference "firebase-ios-sdk" */;
			productName = FirebaseAnalyticsWithoutAdIdSupport;
		};
		AC8E4B6A2CBC368B00A7475C /* FirebaseAppCheck */ = {
			isa = XCSwiftPackageProductDependency;
			package = AC8E4B612CBC368B00A7475C /* XCRemoteSwiftPackageReference "firebase-ios-sdk" */;
			productName = FirebaseAppCheck;
		};
		AC8E4B6C2CBC368B00A7475C /* FirebaseAppDistribution-Beta */ = {
			isa = XCSwiftPackageProductDependency;
			package = AC8E4B612CBC368B00A7475C /* XCRemoteSwiftPackageReference "firebase-ios-sdk" */;
			productName = "FirebaseAppDistribution-Beta";
		};
		AC8E4B6E2CBC368B00A7475C /* FirebaseAuth */ = {
			isa = XCSwiftPackageProductDependency;
			package = AC8E4B612CBC368B00A7475C /* XCRemoteSwiftPackageReference "firebase-ios-sdk" */;
			productName = FirebaseAuth;
		};
		AC8E4B702CBC368B00A7475C /* FirebaseAuthCombine-Community */ = {
			isa = XCSwiftPackageProductDependency;
			package = AC8E4B612CBC368B00A7475C /* XCRemoteSwiftPackageReference "firebase-ios-sdk" */;
			productName = "FirebaseAuthCombine-Community";
		};
		AC8E4B722CBC368B00A7475C /* FirebaseCrashlytics */ = {
			isa = XCSwiftPackageProductDependency;
			package = AC8E4B612CBC368B00A7475C /* XCRemoteSwiftPackageReference "firebase-ios-sdk" */;
			productName = FirebaseCrashlytics;
		};
		AC8E4B742CBC368B00A7475C /* FirebaseDatabase */ = {
			isa = XCSwiftPackageProductDependency;
			package = AC8E4B612CBC368B00A7475C /* XCRemoteSwiftPackageReference "firebase-ios-sdk" */;
			productName = FirebaseDatabase;
		};
		AC8E4B762CBC368B00A7475C /* FirebaseDatabaseSwift */ = {
			isa = XCSwiftPackageProductDependency;
			package = AC8E4B612CBC368B00A7475C /* XCRemoteSwiftPackageReference "firebase-ios-sdk" */;
			productName = FirebaseDatabaseSwift;
		};
		AC8E4B782CBC368B00A7475C /* FirebaseDynamicLinks */ = {
			isa = XCSwiftPackageProductDependency;
			package = AC8E4B612CBC368B00A7475C /* XCRemoteSwiftPackageReference "firebase-ios-sdk" */;
			productName = FirebaseDynamicLinks;
		};
		AC8E4B7A2CBC368B00A7475C /* FirebaseFirestore */ = {
			isa = XCSwiftPackageProductDependency;
			package = AC8E4B612CBC368B00A7475C /* XCRemoteSwiftPackageReference "firebase-ios-sdk" */;
			productName = FirebaseFirestore;
		};
		AC8E4B7C2CBC368B00A7475C /* FirebaseFirestoreCombine-Community */ = {
			isa = XCSwiftPackageProductDependency;
			package = AC8E4B612CBC368B00A7475C /* XCRemoteSwiftPackageReference "firebase-ios-sdk" */;
			productName = "FirebaseFirestoreCombine-Community";
		};
		AC8E4B7E2CBC368B00A7475C /* FirebaseFirestoreSwift */ = {
			isa = XCSwiftPackageProductDependency;
			package = AC8E4B612CBC368B00A7475C /* XCRemoteSwiftPackageReference "firebase-ios-sdk" */;
			productName = FirebaseFirestoreSwift;
		};
		AC8E4B802CBC368B00A7475C /* FirebaseFunctions */ = {
			isa = XCSwiftPackageProductDependency;
			package = AC8E4B612CBC368B00A7475C /* XCRemoteSwiftPackageReference "firebase-ios-sdk" */;
			productName = FirebaseFunctions;
		};
		AC8E4B822CBC368B00A7475C /* FirebaseFunctionsCombine-Community */ = {
			isa = XCSwiftPackageProductDependency;
			package = AC8E4B612CBC368B00A7475C /* XCRemoteSwiftPackageReference "firebase-ios-sdk" */;
			productName = "FirebaseFunctionsCombine-Community";
		};
		AC8E4B842CBC368B00A7475C /* FirebaseInAppMessaging-Beta */ = {
			isa = XCSwiftPackageProductDependency;
			package = AC8E4B612CBC368B00A7475C /* XCRemoteSwiftPackageReference "firebase-ios-sdk" */;
			productName = "FirebaseInAppMessaging-Beta";
		};
		AC8E4B862CBC368B00A7475C /* FirebaseInAppMessagingSwift-Beta */ = {
			isa = XCSwiftPackageProductDependency;
			package = AC8E4B612CBC368B00A7475C /* XCRemoteSwiftPackageReference "firebase-ios-sdk" */;
			productName = "FirebaseInAppMessagingSwift-Beta";
		};
		AC8E4B882CBC368B00A7475C /* FirebaseInstallations */ = {
			isa = XCSwiftPackageProductDependency;
			package = AC8E4B612CBC368B00A7475C /* XCRemoteSwiftPackageReference "firebase-ios-sdk" */;
			productName = FirebaseInstallations;
		};
		AC8E4B8A2CBC368C00A7475C /* FirebaseMessaging */ = {
			isa = XCSwiftPackageProductDependency;
			package = AC8E4B612CBC368B00A7475C /* XCRemoteSwiftPackageReference "firebase-ios-sdk" */;
			productName = FirebaseMessaging;
		};
		AC8E4B8C2CBC368C00A7475C /* FirebasePerformance */ = {
			isa = XCSwiftPackageProductDependency;
			package = AC8E4B612CBC368B00A7475C /* XCRemoteSwiftPackageReference "firebase-ios-sdk" */;
			productName = FirebasePerformance;
		};
		AC8E4B8E2CBC368C00A7475C /* FirebaseRemoteConfig */ = {
			isa = XCSwiftPackageProductDependency;
			package = AC8E4B612CBC368B00A7475C /* XCRemoteSwiftPackageReference "firebase-ios-sdk" */;
			productName = FirebaseRemoteConfig;
		};
		AC8E4B902CBC368C00A7475C /* FirebaseRemoteConfigSwift */ = {
			isa = XCSwiftPackageProductDependency;
			package = AC8E4B612CBC368B00A7475C /* XCRemoteSwiftPackageReference "firebase-ios-sdk" */;
			productName = FirebaseRemoteConfigSwift;
		};
		AC8E4B922CBC368C00A7475C /* FirebaseStorage */ = {
			isa = XCSwiftPackageProductDependency;
			package = AC8E4B612CBC368B00A7475C /* XCRemoteSwiftPackageReference "firebase-ios-sdk" */;
			productName = FirebaseStorage;
		};
		AC8E4B942CBC368C00A7475C /* FirebaseStorageCombine-Community */ = {
			isa = XCSwiftPackageProductDependency;
			package = AC8E4B612CBC368B00A7475C /* XCRemoteSwiftPackageReference "firebase-ios-sdk" */;
			productName = "FirebaseStorageCombine-Community";
		};
/* End XCSwiftPackageProductDependency section */
	};
	rootObject = AC75976A2CB90C890047D091 /* Project object */;
}
